// !$*UTF8*$!
{
	archiveVersion = 1;
	classes = {
	};
	objectVersion = 55;
	objects = {

/* Begin PBXBuildFile section */
		731143B4282994EA00163A1B /* PickerController.swift in Sources */ = {isa = PBXBuildFile; fileRef = 731143B3282994EA00163A1B /* PickerController.swift */; };
		7313A484283D831400057273 /* CookieRun.ttf in Resources */ = {isa = PBXBuildFile; fileRef = 7313A483283D82FD00057273 /* CookieRun.ttf */; };
		732D4019283E6FD200E40F48 /* RequestJoinVC.swift in Sources */ = {isa = PBXBuildFile; fileRef = 732D4018283E6FD200E40F48 /* RequestJoinVC.swift */; };
		732D401B283E73E000E40F48 /* RequestJoincell.swift in Sources */ = {isa = PBXBuildFile; fileRef = 732D401A283E73E000E40F48 /* RequestJoincell.swift */; };
		73502E182832BAB000920E3C /* Shopcell.swift in Sources */ = {isa = PBXBuildFile; fileRef = 73502E172832BAB000920E3C /* Shopcell.swift */; };
		736ECC6428367E1A0092F7F7 /* ShopInformationVC.swift in Sources */ = {isa = PBXBuildFile; fileRef = 736ECC6328367E1A0092F7F7 /* ShopInformationVC.swift */; };
		73A3AAD828292BF9001283CD /* AppDelegate.swift in Sources */ = {isa = PBXBuildFile; fileRef = 73A3AAD728292BF9001283CD /* AppDelegate.swift */; };
		73A3AADA28292BF9001283CD /* SceneDelegate.swift in Sources */ = {isa = PBXBuildFile; fileRef = 73A3AAD928292BF9001283CD /* SceneDelegate.swift */; };
		73A3AADF28292BF9001283CD /* Main.storyboard in Resources */ = {isa = PBXBuildFile; fileRef = 73A3AADD28292BF9001283CD /* Main.storyboard */; };
		73A3AAE228292BF9001283CD /* EmployeeManagement.xcdatamodeld in Sources */ = {isa = PBXBuildFile; fileRef = 73A3AAE028292BF9001283CD /* EmployeeManagement.xcdatamodeld */; };
		73A3AAE428292BF9001283CD /* Assets.xcassets in Resources */ = {isa = PBXBuildFile; fileRef = 73A3AAE328292BF9001283CD /* Assets.xcassets */; };
		73A3AAE728292BF9001283CD /* LaunchScreen.storyboard in Resources */ = {isa = PBXBuildFile; fileRef = 73A3AAE528292BF9001283CD /* LaunchScreen.storyboard */; };
		73A3AAEF282944E1001283CD /* LoginVC.swift in Sources */ = {isa = PBXBuildFile; fileRef = 73A3AAEE282944E1001283CD /* LoginVC.swift */; };
		73A3AAF12829694E001283CD /* FindVC.swift in Sources */ = {isa = PBXBuildFile; fileRef = 73A3AAF02829694E001283CD /* FindVC.swift */; };
		73A3AAF5282969D1001283CD /* SignUpVC.swift in Sources */ = {isa = PBXBuildFile; fileRef = 73A3AAF4282969D1001283CD /* SignUpVC.swift */; };
		73BCD85F2833DBCD00DF6F74 /* ShopAddVC.swift in Sources */ = {isa = PBXBuildFile; fileRef = 73BCD85E2833DBCD00DF6F74 /* ShopAddVC.swift */; };
		73C411B2283520A6001EC8F6 /* BusinessTypePicker.swift in Sources */ = {isa = PBXBuildFile; fileRef = 73C411B1283520A6001EC8F6 /* BusinessTypePicker.swift */; };
		73E084A6282AA3BA00AFC582 /* EmployeeListVC.swift in Sources */ = {isa = PBXBuildFile; fileRef = 73E084A5282AA3BA00AFC582 /* EmployeeListVC.swift */; };
		73E084A8282AB80200AFC582 /* GoogleService-Info.plist in Resources */ = {isa = PBXBuildFile; fileRef = 73E084A7282AB80200AFC582 /* GoogleService-Info.plist */; };
		73E2DA992832688100C4CF25 /* ChattingVC.swift in Sources */ = {isa = PBXBuildFile; fileRef = 73E2DA982832688100C4CF25 /* ChattingVC.swift */; };
		73E2DA9B283268C100C4CF25 /* ScheduleVC.swift in Sources */ = {isa = PBXBuildFile; fileRef = 73E2DA9A283268C100C4CF25 /* ScheduleVC.swift */; };
		73E2DA9D283268EC00C4CF25 /* TransitionVC.swift in Sources */ = {isa = PBXBuildFile; fileRef = 73E2DA9C283268EC00C4CF25 /* TransitionVC.swift */; };
		73E2DA9F2832697000C4CF25 /* CSTabBarController.swift in Sources */ = {isa = PBXBuildFile; fileRef = 73E2DA9E2832697000C4CF25 /* CSTabBarController.swift */; };
		73E2DAA12832A5D000C4CF25 /* ShopVC.swift in Sources */ = {isa = PBXBuildFile; fileRef = 73E2DAA02832A5D000C4CF25 /* ShopVC.swift */; };
		8871A60F9F712DA7DB7D54C7 /* Pods_EmployeeManagement.framework in Frameworks */ = {isa = PBXBuildFile; fileRef = 33CFB31CB8870BD8CBBC6DAA /* Pods_EmployeeManagement.framework */; };
/* End PBXBuildFile section */

/* Begin PBXFileReference section */
		33CFB31CB8870BD8CBBC6DAA /* Pods_EmployeeManagement.framework */ = {isa = PBXFileReference; explicitFileType = wrapper.framework; includeInIndex = 0; path = Pods_EmployeeManagement.framework; sourceTree = BUILT_PRODUCTS_DIR; };
		731143B3282994EA00163A1B /* PickerController.swift */ = {isa = PBXFileReference; lastKnownFileType = sourcecode.swift; path = PickerController.swift; sourceTree = "<group>"; };
		7313A483283D82FD00057273 /* CookieRun.ttf */ = {isa = PBXFileReference; lastKnownFileType = file; path = CookieRun.ttf; sourceTree = "<group>"; };
		732D4018283E6FD200E40F48 /* RequestJoinVC.swift */ = {isa = PBXFileReference; lastKnownFileType = sourcecode.swift; path = RequestJoinVC.swift; sourceTree = "<group>"; };
		732D401A283E73E000E40F48 /* RequestJoincell.swift */ = {isa = PBXFileReference; lastKnownFileType = sourcecode.swift; path = RequestJoincell.swift; sourceTree = "<group>"; };
		73502E172832BAB000920E3C /* Shopcell.swift */ = {isa = PBXFileReference; lastKnownFileType = sourcecode.swift; path = Shopcell.swift; sourceTree = "<group>"; };
		736ECC6328367E1A0092F7F7 /* ShopInformationVC.swift */ = {isa = PBXFileReference; lastKnownFileType = sourcecode.swift; path = ShopInformationVC.swift; sourceTree = "<group>"; };
		73A3AAD428292BF9001283CD /* EmployeeManagement.app */ = {isa = PBXFileReference; explicitFileType = wrapper.application; includeInIndex = 0; path = EmployeeManagement.app; sourceTree = BUILT_PRODUCTS_DIR; };
		73A3AAD728292BF9001283CD /* AppDelegate.swift */ = {isa = PBXFileReference; lastKnownFileType = sourcecode.swift; path = AppDelegate.swift; sourceTree = "<group>"; };
		73A3AAD928292BF9001283CD /* SceneDelegate.swift */ = {isa = PBXFileReference; lastKnownFileType = sourcecode.swift; path = SceneDelegate.swift; sourceTree = "<group>"; };
		73A3AADE28292BF9001283CD /* Base */ = {isa = PBXFileReference; lastKnownFileType = file.storyboard; name = Base; path = Base.lproj/Main.storyboard; sourceTree = "<group>"; };
		73A3AAE128292BF9001283CD /* EmployeeManagement.xcdatamodel */ = {isa = PBXFileReference; lastKnownFileType = wrapper.xcdatamodel; path = EmployeeManagement.xcdatamodel; sourceTree = "<group>"; };
		73A3AAE328292BF9001283CD /* Assets.xcassets */ = {isa = PBXFileReference; lastKnownFileType = folder.assetcatalog; path = Assets.xcassets; sourceTree = "<group>"; };
		73A3AAE628292BF9001283CD /* Base */ = {isa = PBXFileReference; lastKnownFileType = file.storyboard; name = Base; path = Base.lproj/LaunchScreen.storyboard; sourceTree = "<group>"; };
		73A3AAE828292BF9001283CD /* Info.plist */ = {isa = PBXFileReference; lastKnownFileType = text.plist.xml; path = Info.plist; sourceTree = "<group>"; };
		73A3AAEE282944E1001283CD /* LoginVC.swift */ = {isa = PBXFileReference; lastKnownFileType = sourcecode.swift; path = LoginVC.swift; sourceTree = "<group>"; };
		73A3AAF02829694E001283CD /* FindVC.swift */ = {isa = PBXFileReference; lastKnownFileType = sourcecode.swift; path = FindVC.swift; sourceTree = "<group>"; };
		73A3AAF4282969D1001283CD /* SignUpVC.swift */ = {isa = PBXFileReference; lastKnownFileType = sourcecode.swift; path = SignUpVC.swift; sourceTree = "<group>"; };
		73BCD85E2833DBCD00DF6F74 /* ShopAddVC.swift */ = {isa = PBXFileReference; lastKnownFileType = sourcecode.swift; path = ShopAddVC.swift; sourceTree = "<group>"; };
		73C411B1283520A6001EC8F6 /* BusinessTypePicker.swift */ = {isa = PBXFileReference; lastKnownFileType = sourcecode.swift; path = BusinessTypePicker.swift; sourceTree = "<group>"; };
		73E084A5282AA3BA00AFC582 /* EmployeeListVC.swift */ = {isa = PBXFileReference; lastKnownFileType = sourcecode.swift; path = EmployeeListVC.swift; sourceTree = "<group>"; };
		73E084A7282AB80200AFC582 /* GoogleService-Info.plist */ = {isa = PBXFileReference; fileEncoding = 4; lastKnownFileType = text.plist.xml; path = "GoogleService-Info.plist"; sourceTree = "<group>"; };
		73E2DA982832688100C4CF25 /* ChattingVC.swift */ = {isa = PBXFileReference; lastKnownFileType = sourcecode.swift; path = ChattingVC.swift; sourceTree = "<group>"; };
		73E2DA9A283268C100C4CF25 /* ScheduleVC.swift */ = {isa = PBXFileReference; lastKnownFileType = sourcecode.swift; path = ScheduleVC.swift; sourceTree = "<group>"; };
		73E2DA9C283268EC00C4CF25 /* TransitionVC.swift */ = {isa = PBXFileReference; lastKnownFileType = sourcecode.swift; path = TransitionVC.swift; sourceTree = "<group>"; };
		73E2DA9E2832697000C4CF25 /* CSTabBarController.swift */ = {isa = PBXFileReference; lastKnownFileType = sourcecode.swift; path = CSTabBarController.swift; sourceTree = "<group>"; };
		73E2DAA02832A5D000C4CF25 /* ShopVC.swift */ = {isa = PBXFileReference; lastKnownFileType = sourcecode.swift; path = ShopVC.swift; sourceTree = "<group>"; };
		752E65DEC89827793B4CDB17 /* Pods-EmployeeManagement.release.xcconfig */ = {isa = PBXFileReference; includeInIndex = 1; lastKnownFileType = text.xcconfig; name = "Pods-EmployeeManagement.release.xcconfig"; path = "Target Support Files/Pods-EmployeeManagement/Pods-EmployeeManagement.release.xcconfig"; sourceTree = "<group>"; };
		DC62AE74520408F1C9144A0E /* Pods-EmployeeManagement.debug.xcconfig */ = {isa = PBXFileReference; includeInIndex = 1; lastKnownFileType = text.xcconfig; name = "Pods-EmployeeManagement.debug.xcconfig"; path = "Target Support Files/Pods-EmployeeManagement/Pods-EmployeeManagement.debug.xcconfig"; sourceTree = "<group>"; };
/* End PBXFileReference section */

/* Begin PBXFrameworksBuildPhase section */
		73A3AAD128292BF9001283CD /* Frameworks */ = {
			isa = PBXFrameworksBuildPhase;
			buildActionMask = 2147483647;
			files = (
				8871A60F9F712DA7DB7D54C7 /* Pods_EmployeeManagement.framework in Frameworks */,
			);
			runOnlyForDeploymentPostprocessing = 0;
		};
/* End PBXFrameworksBuildPhase section */

/* Begin PBXGroup section */
		103497FE505BA87454955CEB /* Pods */ = {
			isa = PBXGroup;
			children = (
				DC62AE74520408F1C9144A0E /* Pods-EmployeeManagement.debug.xcconfig */,
				752E65DEC89827793B4CDB17 /* Pods-EmployeeManagement.release.xcconfig */,
			);
			path = Pods;
			sourceTree = "<group>";
		};
		1D9F4A8C3449A4BE2627A573 /* Frameworks */ = {
			isa = PBXGroup;
			children = (
				33CFB31CB8870BD8CBBC6DAA /* Pods_EmployeeManagement.framework */,
			);
			name = Frameworks;
			sourceTree = "<group>";
		};
		7328F8842847D19800571452 /* LoginPart */ = {
			isa = PBXGroup;
			children = (
				73A3AAEE282944E1001283CD /* LoginVC.swift */,
				73A3AAF4282969D1001283CD /* SignUpVC.swift */,
				73A3AAF02829694E001283CD /* FindVC.swift */,
				731143B3282994EA00163A1B /* PickerController.swift */,
			);
			path = LoginPart;
			sourceTree = "<group>";
		};
		7328F8852847D1F400571452 /* Font */ = {
			isa = PBXGroup;
			children = (
				7313A483283D82FD00057273 /* CookieRun.ttf */,
			);
			path = Font;
			sourceTree = "<group>";
		};
		7328F8872847D23A00571452 /* EmployListPart */ = {
			isa = PBXGroup;
			children = (
				7331C5E228491406009F5210 /* Model */,
				7331C5E1284913FE009F5210 /* ViewModel */,
				7331C5E0284913EA009F5210 /* ViewController */,
			);
			path = EmployListPart;
			sourceTree = "<group>";
		};
		7328F8882847D25F00571452 /* ChattingPart */ = {
			isa = PBXGroup;
			children = (
				73E2DA982832688100C4CF25 /* ChattingVC.swift */,
			);
			path = ChattingPart;
			sourceTree = "<group>";
		};
		7328F8892847D26E00571452 /* SchedulePart */ = {
			isa = PBXGroup;
			children = (
				73E2DA9A283268C100C4CF25 /* ScheduleVC.swift */,
			);
			path = SchedulePart;
			sourceTree = "<group>";
		};
		7328F88A2847D29500571452 /* ShopPart */ = {
			isa = PBXGroup;
			children = (
				73E2DAA02832A5D000C4CF25 /* ShopVC.swift */,
				73502E172832BAB000920E3C /* Shopcell.swift */,
				73BCD85E2833DBCD00DF6F74 /* ShopAddVC.swift */,
				736ECC6328367E1A0092F7F7 /* ShopInformationVC.swift */,
				732D4018283E6FD200E40F48 /* RequestJoinVC.swift */,
				732D401A283E73E000E40F48 /* RequestJoincell.swift */,
				73C411B1283520A6001EC8F6 /* BusinessTypePicker.swift */,
			);
			path = ShopPart;
			sourceTree = "<group>";
		};
		7328F88E2847D38700571452 /* TransitionPart */ = {
			isa = PBXGroup;
			children = (
				73E2DA9C283268EC00C4CF25 /* TransitionVC.swift */,
			);
			path = TransitionPart;
			sourceTree = "<group>";
		};
		7331C5E0284913EA009F5210 /* ViewController */ = {
			isa = PBXGroup;
			children = (
				73E084A5282AA3BA00AFC582 /* EmployeeListVC.swift */,
			);
			path = ViewController;
			sourceTree = "<group>";
		};
		7331C5E1284913FE009F5210 /* ViewModel */ = {
			isa = PBXGroup;
			children = (
			);
			path = ViewModel;
			sourceTree = "<group>";
		};
		7331C5E228491406009F5210 /* Model */ = {
			isa = PBXGroup;
			children = (
			);
			path = Model;
			sourceTree = "<group>";
		};
		73A3AACB28292BF9001283CD = {
			isa = PBXGroup;
			children = (
				73A3AAD628292BF9001283CD /* EmployeeManagement */,
				73A3AAD528292BF9001283CD /* Products */,
				103497FE505BA87454955CEB /* Pods */,
				1D9F4A8C3449A4BE2627A573 /* Frameworks */,
			);
			sourceTree = "<group>";
		};
		73A3AAD528292BF9001283CD /* Products */ = {
			isa = PBXGroup;
			children = (
				73A3AAD428292BF9001283CD /* EmployeeManagement.app */,
			);
			name = Products;
			sourceTree = "<group>";
		};
		73A3AAD628292BF9001283CD /* EmployeeManagement */ = {
			isa = PBXGroup;
			children = (
				73A3AAD728292BF9001283CD /* AppDelegate.swift */,
				73A3AAD928292BF9001283CD /* SceneDelegate.swift */,
				73A3AADD28292BF9001283CD /* Main.storyboard */,
				73E2DA9E2832697000C4CF25 /* CSTabBarController.swift */,
				7328F8852847D1F400571452 /* Font */,
				7328F8842847D19800571452 /* LoginPart */,
				7328F8872847D23A00571452 /* EmployListPart */,
				7328F8882847D25F00571452 /* ChattingPart */,
				7328F8892847D26E00571452 /* SchedulePart */,
				7328F88A2847D29500571452 /* ShopPart */,
				7328F88E2847D38700571452 /* TransitionPart */,
				73A3AAE328292BF9001283CD /* Assets.xcassets */,
				73A3AAE528292BF9001283CD /* LaunchScreen.storyboard */,
				73A3AAE828292BF9001283CD /* Info.plist */,
				73A3AAE028292BF9001283CD /* EmployeeManagement.xcdatamodeld */,
				73E084A7282AB80200AFC582 /* GoogleService-Info.plist */,
			);
			path = EmployeeManagement;
			sourceTree = "<group>";
		};
/* End PBXGroup section */

/* Begin PBXNativeTarget section */
		73A3AAD328292BF9001283CD /* EmployeeManagement */ = {
			isa = PBXNativeTarget;
			buildConfigurationList = 73A3AAEB28292BF9001283CD /* Build configuration list for PBXNativeTarget "EmployeeManagement" */;
			buildPhases = (
				0F226DAAC15BEBD5DB3C21FF /* [CP] Check Pods Manifest.lock */,
				73A3AAD028292BF9001283CD /* Sources */,
				73A3AAD128292BF9001283CD /* Frameworks */,
				73A3AAD228292BF9001283CD /* Resources */,
				B5383E448B6385EF5D2D1491 /* [CP] Embed Pods Frameworks */,
			);
			buildRules = (
			);
			dependencies = (
			);
			name = EmployeeManagement;
			productName = EmployeeManagement;
			productReference = 73A3AAD428292BF9001283CD /* EmployeeManagement.app */;
			productType = "com.apple.product-type.application";
		};
/* End PBXNativeTarget section */

/* Begin PBXProject section */
		73A3AACC28292BF9001283CD /* Project object */ = {
			isa = PBXProject;
			attributes = {
				BuildIndependentTargetsInParallel = 1;
				LastSwiftUpdateCheck = 1330;
				LastUpgradeCheck = 1330;
				TargetAttributes = {
					73A3AAD328292BF9001283CD = {
						CreatedOnToolsVersion = 13.3;
					};
				};
			};
			buildConfigurationList = 73A3AACF28292BF9001283CD /* Build configuration list for PBXProject "EmployeeManagement" */;
			compatibilityVersion = "Xcode 13.0";
			developmentRegion = en;
			hasScannedForEncodings = 0;
			knownRegions = (
				en,
				Base,
			);
			mainGroup = 73A3AACB28292BF9001283CD;
			productRefGroup = 73A3AAD528292BF9001283CD /* Products */;
			projectDirPath = "";
			projectRoot = "";
			targets = (
				73A3AAD328292BF9001283CD /* EmployeeManagement */,
			);
		};
/* End PBXProject section */

/* Begin PBXResourcesBuildPhase section */
		73A3AAD228292BF9001283CD /* Resources */ = {
			isa = PBXResourcesBuildPhase;
			buildActionMask = 2147483647;
			files = (
				7313A484283D831400057273 /* CookieRun.ttf in Resources */,
				73A3AAE728292BF9001283CD /* LaunchScreen.storyboard in Resources */,
				73E084A8282AB80200AFC582 /* GoogleService-Info.plist in Resources */,
				73A3AAE428292BF9001283CD /* Assets.xcassets in Resources */,
				73A3AADF28292BF9001283CD /* Main.storyboard in Resources */,
			);
			runOnlyForDeploymentPostprocessing = 0;
		};
/* End PBXResourcesBuildPhase section */

/* Begin PBXShellScriptBuildPhase section */
		0F226DAAC15BEBD5DB3C21FF /* [CP] Check Pods Manifest.lock */ = {
			isa = PBXShellScriptBuildPhase;
			buildActionMask = 2147483647;
			files = (
			);
			inputFileListPaths = (
			);
			inputPaths = (
				"${PODS_PODFILE_DIR_PATH}/Podfile.lock",
				"${PODS_ROOT}/Manifest.lock",
			);
			name = "[CP] Check Pods Manifest.lock";
			outputFileListPaths = (
			);
			outputPaths = (
				"$(DERIVED_FILE_DIR)/Pods-EmployeeManagement-checkManifestLockResult.txt",
			);
			runOnlyForDeploymentPostprocessing = 0;
			shellPath = /bin/sh;
			shellScript = "diff \"${PODS_PODFILE_DIR_PATH}/Podfile.lock\" \"${PODS_ROOT}/Manifest.lock\" > /dev/null\nif [ $? != 0 ] ; then\n    # print error to STDERR\n    echo \"error: The sandbox is not in sync with the Podfile.lock. Run 'pod install' or update your CocoaPods installation.\" >&2\n    exit 1\nfi\n# This output is used by Xcode 'outputs' to avoid re-running this script phase.\necho \"SUCCESS\" > \"${SCRIPT_OUTPUT_FILE_0}\"\n";
			showEnvVarsInLog = 0;
		};
		B5383E448B6385EF5D2D1491 /* [CP] Embed Pods Frameworks */ = {
			isa = PBXShellScriptBuildPhase;
			buildActionMask = 2147483647;
			files = (
			);
			inputFileListPaths = (
				"${PODS_ROOT}/Target Support Files/Pods-EmployeeManagement/Pods-EmployeeManagement-frameworks-${CONFIGURATION}-input-files.xcfilelist",
			);
			name = "[CP] Embed Pods Frameworks";
			outputFileListPaths = (
				"${PODS_ROOT}/Target Support Files/Pods-EmployeeManagement/Pods-EmployeeManagement-frameworks-${CONFIGURATION}-output-files.xcfilelist",
			);
			runOnlyForDeploymentPostprocessing = 0;
			shellPath = /bin/sh;
			shellScript = "\"${PODS_ROOT}/Target Support Files/Pods-EmployeeManagement/Pods-EmployeeManagement-frameworks.sh\"\n";
			showEnvVarsInLog = 0;
		};
/* End PBXShellScriptBuildPhase section */

/* Begin PBXSourcesBuildPhase section */
		73A3AAD028292BF9001283CD /* Sources */ = {
			isa = PBXSourcesBuildPhase;
			buildActionMask = 2147483647;
			files = (
				736ECC6428367E1A0092F7F7 /* ShopInformationVC.swift in Sources */,
				731143B4282994EA00163A1B /* PickerController.swift in Sources */,
				73A3AAF5282969D1001283CD /* SignUpVC.swift in Sources */,
				73E2DA9B283268C100C4CF25 /* ScheduleVC.swift in Sources */,
				732D4019283E6FD200E40F48 /* RequestJoinVC.swift in Sources */,
				732D401B283E73E000E40F48 /* RequestJoincell.swift in Sources */,
				73502E182832BAB000920E3C /* Shopcell.swift in Sources */,
				73A3AAE228292BF9001283CD /* EmployeeManagement.xcdatamodeld in Sources */,
				73E2DA9F2832697000C4CF25 /* CSTabBarController.swift in Sources */,
				73BCD85F2833DBCD00DF6F74 /* ShopAddVC.swift in Sources */,
				73A3AAD828292BF9001283CD /* AppDelegate.swift in Sources */,
				73E2DA9D283268EC00C4CF25 /* TransitionVC.swift in Sources */,
				73E2DA992832688100C4CF25 /* ChattingVC.swift in Sources */,
				73E084A6282AA3BA00AFC582 /* EmployeeListVC.swift in Sources */,
				73A3AAEF282944E1001283CD /* LoginVC.swift in Sources */,
				73E2DAA12832A5D000C4CF25 /* ShopVC.swift in Sources */,
				73A3AADA28292BF9001283CD /* SceneDelegate.swift in Sources */,
				73A3AAF12829694E001283CD /* FindVC.swift in Sources */,
				73C411B2283520A6001EC8F6 /* BusinessTypePicker.swift in Sources */,
			);
			runOnlyForDeploymentPostprocessing = 0;
		};
/* End PBXSourcesBuildPhase section */

/* Begin PBXVariantGroup section */
		73A3AADD28292BF9001283CD /* Main.storyboard */ = {
			isa = PBXVariantGroup;
			children = (
				73A3AADE28292BF9001283CD /* Base */,
			);
			name = Main.storyboard;
			sourceTree = "<group>";
		};
		73A3AAE528292BF9001283CD /* LaunchScreen.storyboard */ = {
			isa = PBXVariantGroup;
			children = (
				73A3AAE628292BF9001283CD /* Base */,
			);
			name = LaunchScreen.storyboard;
			sourceTree = "<group>";
		};
/* End PBXVariantGroup section */

/* Begin XCBuildConfiguration section */
		73A3AAE928292BF9001283CD /* Debug */ = {
			isa = XCBuildConfiguration;
			buildSettings = {
				ALWAYS_SEARCH_USER_PATHS = NO;
				CLANG_ANALYZER_NONNULL = YES;
				CLANG_ANALYZER_NUMBER_OBJECT_CONVERSION = YES_AGGRESSIVE;
				CLANG_CXX_LANGUAGE_STANDARD = "gnu++17";
				CLANG_ENABLE_MODULES = YES;
				CLANG_ENABLE_OBJC_ARC = YES;
				CLANG_ENABLE_OBJC_WEAK = YES;
				CLANG_WARN_BLOCK_CAPTURE_AUTORELEASING = YES;
				CLANG_WARN_BOOL_CONVERSION = YES;
				CLANG_WARN_COMMA = YES;
				CLANG_WARN_CONSTANT_CONVERSION = YES;
				CLANG_WARN_DEPRECATED_OBJC_IMPLEMENTATIONS = YES;
				CLANG_WARN_DIRECT_OBJC_ISA_USAGE = YES_ERROR;
				CLANG_WARN_DOCUMENTATION_COMMENTS = YES;
				CLANG_WARN_EMPTY_BODY = YES;
				CLANG_WARN_ENUM_CONVERSION = YES;
				CLANG_WARN_INFINITE_RECURSION = YES;
				CLANG_WARN_INT_CONVERSION = YES;
				CLANG_WARN_NON_LITERAL_NULL_CONVERSION = YES;
				CLANG_WARN_OBJC_IMPLICIT_RETAIN_SELF = YES;
				CLANG_WARN_OBJC_LITERAL_CONVERSION = YES;
				CLANG_WARN_OBJC_ROOT_CLASS = YES_ERROR;
				CLANG_WARN_QUOTED_INCLUDE_IN_FRAMEWORK_HEADER = YES;
				CLANG_WARN_RANGE_LOOP_ANALYSIS = YES;
				CLANG_WARN_STRICT_PROTOTYPES = YES;
				CLANG_WARN_SUSPICIOUS_MOVE = YES;
				CLANG_WARN_UNGUARDED_AVAILABILITY = YES_AGGRESSIVE;
				CLANG_WARN_UNREACHABLE_CODE = YES;
				CLANG_WARN__DUPLICATE_METHOD_MATCH = YES;
				COPY_PHASE_STRIP = NO;
				DEBUG_INFORMATION_FORMAT = dwarf;
				ENABLE_STRICT_OBJC_MSGSEND = YES;
				ENABLE_TESTABILITY = YES;
				GCC_C_LANGUAGE_STANDARD = gnu11;
				GCC_DYNAMIC_NO_PIC = NO;
				GCC_NO_COMMON_BLOCKS = YES;
				GCC_OPTIMIZATION_LEVEL = 0;
				GCC_PREPROCESSOR_DEFINITIONS = (
					"DEBUG=1",
					"$(inherited)",
				);
				GCC_WARN_64_TO_32_BIT_CONVERSION = YES;
				GCC_WARN_ABOUT_RETURN_TYPE = YES_ERROR;
				GCC_WARN_UNDECLARED_SELECTOR = YES;
				GCC_WARN_UNINITIALIZED_AUTOS = YES_AGGRESSIVE;
				GCC_WARN_UNUSED_FUNCTION = YES;
				GCC_WARN_UNUSED_VARIABLE = YES;
				IPHONEOS_DEPLOYMENT_TARGET = 15.4;
				MTL_ENABLE_DEBUG_INFO = INCLUDE_SOURCE;
				MTL_FAST_MATH = YES;
				ONLY_ACTIVE_ARCH = YES;
				SDKROOT = iphoneos;
				SWIFT_ACTIVE_COMPILATION_CONDITIONS = DEBUG;
				SWIFT_OPTIMIZATION_LEVEL = "-Onone";
			};
			name = Debug;
		};
		73A3AAEA28292BF9001283CD /* Release */ = {
			isa = XCBuildConfiguration;
			buildSettings = {
				ALWAYS_SEARCH_USER_PATHS = NO;
				CLANG_ANALYZER_NONNULL = YES;
				CLANG_ANALYZER_NUMBER_OBJECT_CONVERSION = YES_AGGRESSIVE;
				CLANG_CXX_LANGUAGE_STANDARD = "gnu++17";
				CLANG_ENABLE_MODULES = YES;
				CLANG_ENABLE_OBJC_ARC = YES;
				CLANG_ENABLE_OBJC_WEAK = YES;
				CLANG_WARN_BLOCK_CAPTURE_AUTORELEASING = YES;
				CLANG_WARN_BOOL_CONVERSION = YES;
				CLANG_WARN_COMMA = YES;
				CLANG_WARN_CONSTANT_CONVERSION = YES;
				CLANG_WARN_DEPRECATED_OBJC_IMPLEMENTATIONS = YES;
				CLANG_WARN_DIRECT_OBJC_ISA_USAGE = YES_ERROR;
				CLANG_WARN_DOCUMENTATION_COMMENTS = YES;
				CLANG_WARN_EMPTY_BODY = YES;
				CLANG_WARN_ENUM_CONVERSION = YES;
				CLANG_WARN_INFINITE_RECURSION = YES;
				CLANG_WARN_INT_CONVERSION = YES;
				CLANG_WARN_NON_LITERAL_NULL_CONVERSION = YES;
				CLANG_WARN_OBJC_IMPLICIT_RETAIN_SELF = YES;
				CLANG_WARN_OBJC_LITERAL_CONVERSION = YES;
				CLANG_WARN_OBJC_ROOT_CLASS = YES_ERROR;
				CLANG_WARN_QUOTED_INCLUDE_IN_FRAMEWORK_HEADER = YES;
				CLANG_WARN_RANGE_LOOP_ANALYSIS = YES;
				CLANG_WARN_STRICT_PROTOTYPES = YES;
				CLANG_WARN_SUSPICIOUS_MOVE = YES;
				CLANG_WARN_UNGUARDED_AVAILABILITY = YES_AGGRESSIVE;
				CLANG_WARN_UNREACHABLE_CODE = YES;
				CLANG_WARN__DUPLICATE_METHOD_MATCH = YES;
				COPY_PHASE_STRIP = NO;
				DEBUG_INFORMATION_FORMAT = "dwarf-with-dsym";
				ENABLE_NS_ASSERTIONS = NO;
				ENABLE_STRICT_OBJC_MSGSEND = YES;
				GCC_C_LANGUAGE_STANDARD = gnu11;
				GCC_NO_COMMON_BLOCKS = YES;
				GCC_WARN_64_TO_32_BIT_CONVERSION = YES;
				GCC_WARN_ABOUT_RETURN_TYPE = YES_ERROR;
				GCC_WARN_UNDECLARED_SELECTOR = YES;
				GCC_WARN_UNINITIALIZED_AUTOS = YES_AGGRESSIVE;
				GCC_WARN_UNUSED_FUNCTION = YES;
				GCC_WARN_UNUSED_VARIABLE = YES;
				IPHONEOS_DEPLOYMENT_TARGET = 15.4;
				MTL_ENABLE_DEBUG_INFO = NO;
				MTL_FAST_MATH = YES;
				SDKROOT = iphoneos;
				SWIFT_COMPILATION_MODE = wholemodule;
				SWIFT_OPTIMIZATION_LEVEL = "-O";
				VALIDATE_PRODUCT = YES;
			};
			name = Release;
		};
		73A3AAEC28292BF9001283CD /* Debug */ = {
			isa = XCBuildConfiguration;
			baseConfigurationReference = DC62AE74520408F1C9144A0E /* Pods-EmployeeManagement.debug.xcconfig */;
			buildSettings = {
				ASSETCATALOG_COMPILER_APPICON_NAME = AppIcon;
				ASSETCATALOG_COMPILER_GLOBAL_ACCENT_COLOR_NAME = AccentColor;
				CODE_SIGN_STYLE = Automatic;
				CURRENT_PROJECT_VERSION = 1;
				GENERATE_INFOPLIST_FILE = YES;
				INFOPLIST_FILE = EmployeeManagement/Info.plist;
				INFOPLIST_KEY_UIApplicationSupportsIndirectInputEvents = YES;
				INFOPLIST_KEY_UILaunchStoryboardName = LaunchScreen;
				INFOPLIST_KEY_UIMainStoryboardFile = Main;
				INFOPLIST_KEY_UISupportedInterfaceOrientations_iPad = "UIInterfaceOrientationPortrait UIInterfaceOrientationPortraitUpsideDown UIInterfaceOrientationLandscapeLeft UIInterfaceOrientationLandscapeRight";
				INFOPLIST_KEY_UISupportedInterfaceOrientations_iPhone = "UIInterfaceOrientationPortrait UIInterfaceOrientationLandscapeLeft UIInterfaceOrientationLandscapeRight";
				LD_RUNPATH_SEARCH_PATHS = (
					"$(inherited)",
					"@executable_path/Frameworks",
				);
				MARKETING_VERSION = 1.0;
				PRODUCT_BUNDLE_IDENTIFIER = jooyoung.EmployeeManagement;
				PRODUCT_NAME = "$(TARGET_NAME)";
				SWIFT_EMIT_LOC_STRINGS = YES;
				SWIFT_VERSION = 5.0;
				TARGETED_DEVICE_FAMILY = "1,2";
			};
			name = Debug;
		};
		73A3AAED28292BF9001283CD /* Release */ = {
			isa = XCBuildConfiguration;
			baseConfigurationReference = 752E65DEC89827793B4CDB17 /* Pods-EmployeeManagement.release.xcconfig */;
			buildSettings = {
				ASSETCATALOG_COMPILER_APPICON_NAME = AppIcon;
				ASSETCATALOG_COMPILER_GLOBAL_ACCENT_COLOR_NAME = AccentColor;
				CODE_SIGN_STYLE = Automatic;
				CURRENT_PROJECT_VERSION = 1;
				GENERATE_INFOPLIST_FILE = YES;
				INFOPLIST_FILE = EmployeeManagement/Info.plist;
				INFOPLIST_KEY_UIApplicationSupportsIndirectInputEvents = YES;
				INFOPLIST_KEY_UILaunchStoryboardName = LaunchScreen;
				INFOPLIST_KEY_UIMainStoryboardFile = Main;
				INFOPLIST_KEY_UISupportedInterfaceOrientations_iPad = "UIInterfaceOrientationPortrait UIInterfaceOrientationPortraitUpsideDown UIInterfaceOrientationLandscapeLeft UIInterfaceOrientationLandscapeRight";
				INFOPLIST_KEY_UISupportedInterfaceOrientations_iPhone = "UIInterfaceOrientationPortrait UIInterfaceOrientationLandscapeLeft UIInterfaceOrientationLandscapeRight";
				LD_RUNPATH_SEARCH_PATHS = (
					"$(inherited)",
					"@executable_path/Frameworks",
				);
				MARKETING_VERSION = 1.0;
				PRODUCT_BUNDLE_IDENTIFIER = jooyoung.EmployeeManagement;
				PRODUCT_NAME = "$(TARGET_NAME)";
				SWIFT_EMIT_LOC_STRINGS = YES;
				SWIFT_VERSION = 5.0;
				TARGETED_DEVICE_FAMILY = "1,2";
			};
			name = Release;
		};
/* End XCBuildConfiguration section */

/* Begin XCConfigurationList section */
		73A3AACF28292BF9001283CD /* Build configuration list for PBXProject "EmployeeManagement" */ = {
			isa = XCConfigurationList;
			buildConfigurations = (
				73A3AAE928292BF9001283CD /* Debug */,
				73A3AAEA28292BF9001283CD /* Release */,
			);
			defaultConfigurationIsVisible = 0;
			defaultConfigurationName = Release;
		};
		73A3AAEB28292BF9001283CD /* Build configuration list for PBXNativeTarget "EmployeeManagement" */ = {
			isa = XCConfigurationList;
			buildConfigurations = (
				73A3AAEC28292BF9001283CD /* Debug */,
				73A3AAED28292BF9001283CD /* Release */,
			);
			defaultConfigurationIsVisible = 0;
			defaultConfigurationName = Release;
		};
/* End XCConfigurationList section */

/* Begin XCVersionGroup section */
		73A3AAE028292BF9001283CD /* EmployeeManagement.xcdatamodeld */ = {
			isa = XCVersionGroup;
			children = (
				73A3AAE128292BF9001283CD /* EmployeeManagement.xcdatamodel */,
			);
			currentVersion = 73A3AAE128292BF9001283CD /* EmployeeManagement.xcdatamodel */;
			path = EmployeeManagement.xcdatamodeld;
			sourceTree = "<group>";
			versionGroupType = wrapper.xcdatamodel;
		};
/* End XCVersionGroup section */
	};
	rootObject = 73A3AACC28292BF9001283CD /* Project object */;
}
