// !$*UTF8*$!
{
	archiveVersion = 1;
	classes = {
	};
	objectVersion = 55;
	objects = {

/* Begin PBXBuildFile section */
		0BBB68D2886EC1A4A6BFABEC /* Pods_EmployeeManagement.framework in Frameworks */ = {isa = PBXBuildFile; fileRef = F831427D605F8254116C8EA6 /* Pods_EmployeeManagement.framework */; };
		731143B4282994EA00163A1B /* PickerController.swift in Sources */ = {isa = PBXBuildFile; fileRef = 731143B3282994EA00163A1B /* PickerController.swift */; };
		73232E6D282BB5690047A128 /* FirebaseFirestore in Frameworks */ = {isa = PBXBuildFile; productRef = 73232E6C282BB5690047A128 /* FirebaseFirestore */; };
		73A3AAD828292BF9001283CD /* AppDelegate.swift in Sources */ = {isa = PBXBuildFile; fileRef = 73A3AAD728292BF9001283CD /* AppDelegate.swift */; };
		73A3AADA28292BF9001283CD /* SceneDelegate.swift in Sources */ = {isa = PBXBuildFile; fileRef = 73A3AAD928292BF9001283CD /* SceneDelegate.swift */; };
		73A3AADF28292BF9001283CD /* Main.storyboard in Resources */ = {isa = PBXBuildFile; fileRef = 73A3AADD28292BF9001283CD /* Main.storyboard */; };
		73A3AAE228292BF9001283CD /* EmployeeManagement.xcdatamodeld in Sources */ = {isa = PBXBuildFile; fileRef = 73A3AAE028292BF9001283CD /* EmployeeManagement.xcdatamodeld */; };
		73A3AAE428292BF9001283CD /* Assets.xcassets in Resources */ = {isa = PBXBuildFile; fileRef = 73A3AAE328292BF9001283CD /* Assets.xcassets */; };
		73A3AAE728292BF9001283CD /* LaunchScreen.storyboard in Resources */ = {isa = PBXBuildFile; fileRef = 73A3AAE528292BF9001283CD /* LaunchScreen.storyboard */; };
		73A3AAEF282944E1001283CD /* LoginVC.swift in Sources */ = {isa = PBXBuildFile; fileRef = 73A3AAEE282944E1001283CD /* LoginVC.swift */; };
		73A3AAF12829694E001283CD /* FindVC.swift in Sources */ = {isa = PBXBuildFile; fileRef = 73A3AAF02829694E001283CD /* FindVC.swift */; };
		73A3AAF5282969D1001283CD /* SignUpVC.swift in Sources */ = {isa = PBXBuildFile; fileRef = 73A3AAF4282969D1001283CD /* SignUpVC.swift */; };
		73E084A6282AA3BA00AFC582 /* EmployeeListVC.swift in Sources */ = {isa = PBXBuildFile; fileRef = 73E084A5282AA3BA00AFC582 /* EmployeeListVC.swift */; };
		73E084A8282AB80200AFC582 /* GoogleService-Info.plist in Resources */ = {isa = PBXBuildFile; fileRef = 73E084A7282AB80200AFC582 /* GoogleService-Info.plist */; };
/* End PBXBuildFile section */

/* Begin PBXFileReference section */
		223BB1173FC2EC900D8BFC56 /* Pods-EmployeeManagement.release.xcconfig */ = {isa = PBXFileReference; includeInIndex = 1; lastKnownFileType = text.xcconfig; name = "Pods-EmployeeManagement.release.xcconfig"; path = "Target Support Files/Pods-EmployeeManagement/Pods-EmployeeManagement.release.xcconfig"; sourceTree = "<group>"; };
		731143B3282994EA00163A1B /* PickerController.swift */ = {isa = PBXFileReference; lastKnownFileType = sourcecode.swift; path = PickerController.swift; sourceTree = "<group>"; };
		73A3AAD428292BF9001283CD /* EmployeeManagement.app */ = {isa = PBXFileReference; explicitFileType = wrapper.application; includeInIndex = 0; path = EmployeeManagement.app; sourceTree = BUILT_PRODUCTS_DIR; };
		73A3AAD728292BF9001283CD /* AppDelegate.swift */ = {isa = PBXFileReference; lastKnownFileType = sourcecode.swift; path = AppDelegate.swift; sourceTree = "<group>"; };
		73A3AAD928292BF9001283CD /* SceneDelegate.swift */ = {isa = PBXFileReference; lastKnownFileType = sourcecode.swift; path = SceneDelegate.swift; sourceTree = "<group>"; };
		73A3AADE28292BF9001283CD /* Base */ = {isa = PBXFileReference; lastKnownFileType = file.storyboard; name = Base; path = Base.lproj/Main.storyboard; sourceTree = "<group>"; };
		73A3AAE128292BF9001283CD /* EmployeeManagement.xcdatamodel */ = {isa = PBXFileReference; lastKnownFileType = wrapper.xcdatamodel; path = EmployeeManagement.xcdatamodel; sourceTree = "<group>"; };
		73A3AAE328292BF9001283CD /* Assets.xcassets */ = {isa = PBXFileReference; lastKnownFileType = folder.assetcatalog; path = Assets.xcassets; sourceTree = "<group>"; };
		73A3AAE628292BF9001283CD /* Base */ = {isa = PBXFileReference; lastKnownFileType = file.storyboard; name = Base; path = Base.lproj/LaunchScreen.storyboard; sourceTree = "<group>"; };
		73A3AAE828292BF9001283CD /* Info.plist */ = {isa = PBXFileReference; lastKnownFileType = text.plist.xml; path = Info.plist; sourceTree = "<group>"; };
		73A3AAEE282944E1001283CD /* LoginVC.swift */ = {isa = PBXFileReference; lastKnownFileType = sourcecode.swift; path = LoginVC.swift; sourceTree = "<group>"; };
		73A3AAF02829694E001283CD /* FindVC.swift */ = {isa = PBXFileReference; lastKnownFileType = sourcecode.swift; path = FindVC.swift; sourceTree = "<group>"; };
		73A3AAF4282969D1001283CD /* SignUpVC.swift */ = {isa = PBXFileReference; lastKnownFileType = sourcecode.swift; path = SignUpVC.swift; sourceTree = "<group>"; };
		73E084A5282AA3BA00AFC582 /* EmployeeListVC.swift */ = {isa = PBXFileReference; lastKnownFileType = sourcecode.swift; path = EmployeeListVC.swift; sourceTree = "<group>"; };
		73E084A7282AB80200AFC582 /* GoogleService-Info.plist */ = {isa = PBXFileReference; fileEncoding = 4; lastKnownFileType = text.plist.xml; path = "GoogleService-Info.plist"; sourceTree = "<group>"; };
		B003443FB7A613F54B614052 /* Pods-EmployeeManagement.debug.xcconfig */ = {isa = PBXFileReference; includeInIndex = 1; lastKnownFileType = text.xcconfig; name = "Pods-EmployeeManagement.debug.xcconfig"; path = "Target Support Files/Pods-EmployeeManagement/Pods-EmployeeManagement.debug.xcconfig"; sourceTree = "<group>"; };
		F831427D605F8254116C8EA6 /* Pods_EmployeeManagement.framework */ = {isa = PBXFileReference; explicitFileType = wrapper.framework; includeInIndex = 0; path = Pods_EmployeeManagement.framework; sourceTree = BUILT_PRODUCTS_DIR; };
/* End PBXFileReference section */

/* Begin PBXFrameworksBuildPhase section */
		73A3AAD128292BF9001283CD /* Frameworks */ = {
			isa = PBXFrameworksBuildPhase;
			buildActionMask = 2147483647;
			files = (
				0BBB68D2886EC1A4A6BFABEC /* Pods_EmployeeManagement.framework in Frameworks */,
				73232E6D282BB5690047A128 /* FirebaseFirestore in Frameworks */,
			);
			runOnlyForDeploymentPostprocessing = 0;
		};
/* End PBXFrameworksBuildPhase section */

/* Begin PBXGroup section */
		0EBA4094143DE73A8E5136DE /* Frameworks */ = {
			isa = PBXGroup;
			children = (
				F831427D605F8254116C8EA6 /* Pods_EmployeeManagement.framework */,
			);
			name = Frameworks;
			sourceTree = "<group>";
		};
		103497FE505BA87454955CEB /* Pods */ = {
			isa = PBXGroup;
			children = (
				B003443FB7A613F54B614052 /* Pods-EmployeeManagement.debug.xcconfig */,
				223BB1173FC2EC900D8BFC56 /* Pods-EmployeeManagement.release.xcconfig */,
			);
			path = Pods;
			sourceTree = "<group>";
		};
		73A3AACB28292BF9001283CD = {
			isa = PBXGroup;
			children = (
				73A3AAD628292BF9001283CD /* EmployeeManagement */,
				73A3AAD528292BF9001283CD /* Products */,
				103497FE505BA87454955CEB /* Pods */,
				0EBA4094143DE73A8E5136DE /* Frameworks */,
			);
			sourceTree = "<group>";
		};
		73A3AAD528292BF9001283CD /* Products */ = {
			isa = PBXGroup;
			children = (
				73A3AAD428292BF9001283CD /* EmployeeManagement.app */,
			);
			name = Products;
			sourceTree = "<group>";
		};
		73A3AAD628292BF9001283CD /* EmployeeManagement */ = {
			isa = PBXGroup;
			children = (
				73A3AAD728292BF9001283CD /* AppDelegate.swift */,
				73A3AAD928292BF9001283CD /* SceneDelegate.swift */,
				73A3AADD28292BF9001283CD /* Main.storyboard */,
				73E084A5282AA3BA00AFC582 /* EmployeeListVC.swift */,
				73A3AAF4282969D1001283CD /* SignUpVC.swift */,
				73A3AAF02829694E001283CD /* FindVC.swift */,
				731143B3282994EA00163A1B /* PickerController.swift */,
				73A3AAEE282944E1001283CD /* LoginVC.swift */,
				73A3AAE328292BF9001283CD /* Assets.xcassets */,
				73A3AAE528292BF9001283CD /* LaunchScreen.storyboard */,
				73A3AAE828292BF9001283CD /* Info.plist */,
				73A3AAE028292BF9001283CD /* EmployeeManagement.xcdatamodeld */,
				73E084A7282AB80200AFC582 /* GoogleService-Info.plist */,
			);
			path = EmployeeManagement;
			sourceTree = "<group>";
		};
/* End PBXGroup section */

/* Begin PBXNativeTarget section */
		73A3AAD328292BF9001283CD /* EmployeeManagement */ = {
			isa = PBXNativeTarget;
			buildConfigurationList = 73A3AAEB28292BF9001283CD /* Build configuration list for PBXNativeTarget "EmployeeManagement" */;
			buildPhases = (
				04A7A845462C64A56C731F72 /* [CP] Check Pods Manifest.lock */,
				73A3AAD028292BF9001283CD /* Sources */,
				73A3AAD128292BF9001283CD /* Frameworks */,
				73A3AAD228292BF9001283CD /* Resources */,
				90F10F6FB6A4DCA751B48274 /* [CP] Embed Pods Frameworks */,
			);
			buildRules = (
			);
			dependencies = (
			);
			name = EmployeeManagement;
			packageProductDependencies = (
				73232E6C282BB5690047A128 /* FirebaseFirestore */,
			);
			productName = EmployeeManagement;
			productReference = 73A3AAD428292BF9001283CD /* EmployeeManagement.app */;
			productType = "com.apple.product-type.application";
		};
/* End PBXNativeTarget section */

/* Begin PBXProject section */
		73A3AACC28292BF9001283CD /* Project object */ = {
			isa = PBXProject;
			attributes = {
				BuildIndependentTargetsInParallel = 1;
				LastSwiftUpdateCheck = 1330;
				LastUpgradeCheck = 1330;
				TargetAttributes = {
					73A3AAD328292BF9001283CD = {
						CreatedOnToolsVersion = 13.3;
					};
				};
			};
			buildConfigurationList = 73A3AACF28292BF9001283CD /* Build configuration list for PBXProject "EmployeeManagement" */;
			compatibilityVersion = "Xcode 13.0";
			developmentRegion = en;
			hasScannedForEncodings = 0;
			knownRegions = (
				en,
				Base,
			);
			mainGroup = 73A3AACB28292BF9001283CD;
			packageReferences = (
				73232E6B282BB5690047A128 /* XCRemoteSwiftPackageReference "firebase-ios-sdk" */,
			);
			productRefGroup = 73A3AAD528292BF9001283CD /* Products */;
			projectDirPath = "";
			projectRoot = "";
			targets = (
				73A3AAD328292BF9001283CD /* EmployeeManagement */,
			);
		};
/* End PBXProject section */

/* Begin PBXResourcesBuildPhase section */
		73A3AAD228292BF9001283CD /* Resources */ = {
			isa = PBXResourcesBuildPhase;
			buildActionMask = 2147483647;
			files = (
				73A3AAE728292BF9001283CD /* LaunchScreen.storyboard in Resources */,
				73E084A8282AB80200AFC582 /* GoogleService-Info.plist in Resources */,
				73A3AAE428292BF9001283CD /* Assets.xcassets in Resources */,
				73A3AADF28292BF9001283CD /* Main.storyboard in Resources */,
			);
			runOnlyForDeploymentPostprocessing = 0;
		};
/* End PBXResourcesBuildPhase section */

/* Begin PBXShellScriptBuildPhase section */
		04A7A845462C64A56C731F72 /* [CP] Check Pods Manifest.lock */ = {
			isa = PBXShellScriptBuildPhase;
			buildActionMask = 2147483647;
			files = (
			);
			inputFileListPaths = (
			);
			inputPaths = (
				"${PODS_PODFILE_DIR_PATH}/Podfile.lock",
				"${PODS_ROOT}/Manifest.lock",
			);
			name = "[CP] Check Pods Manifest.lock";
			outputFileListPaths = (
			);
			outputPaths = (
				"$(DERIVED_FILE_DIR)/Pods-EmployeeManagement-checkManifestLockResult.txt",
			);
			runOnlyForDeploymentPostprocessing = 0;
			shellPath = /bin/sh;
			shellScript = "diff \"${PODS_PODFILE_DIR_PATH}/Podfile.lock\" \"${PODS_ROOT}/Manifest.lock\" > /dev/null\nif [ $? != 0 ] ; then\n    # print error to STDERR\n    echo \"error: The sandbox is not in sync with the Podfile.lock. Run 'pod install' or update your CocoaPods installation.\" >&2\n    exit 1\nfi\n# This output is used by Xcode 'outputs' to avoid re-running this script phase.\necho \"SUCCESS\" > \"${SCRIPT_OUTPUT_FILE_0}\"\n";
			showEnvVarsInLog = 0;
		};
		90F10F6FB6A4DCA751B48274 /* [CP] Embed Pods Frameworks */ = {
			isa = PBXShellScriptBuildPhase;
			buildActionMask = 2147483647;
			files = (
			);
			inputFileListPaths = (
				"${PODS_ROOT}/Target Support Files/Pods-EmployeeManagement/Pods-EmployeeManagement-frameworks-${CONFIGURATION}-input-files.xcfilelist",
			);
			name = "[CP] Embed Pods Frameworks";
			outputFileListPaths = (
				"${PODS_ROOT}/Target Support Files/Pods-EmployeeManagement/Pods-EmployeeManagement-frameworks-${CONFIGURATION}-output-files.xcfilelist",
			);
			runOnlyForDeploymentPostprocessing = 0;
			shellPath = /bin/sh;
			shellScript = "\"${PODS_ROOT}/Target Support Files/Pods-EmployeeManagement/Pods-EmployeeManagement-frameworks.sh\"\n";
			showEnvVarsInLog = 0;
		};
/* End PBXShellScriptBuildPhase section */

/* Begin PBXSourcesBuildPhase section */
		73A3AAD028292BF9001283CD /* Sources */ = {
			isa = PBXSourcesBuildPhase;
			buildActionMask = 2147483647;
			files = (
				731143B4282994EA00163A1B /* PickerController.swift in Sources */,
				73A3AAF5282969D1001283CD /* SignUpVC.swift in Sources */,
				73A3AAE228292BF9001283CD /* EmployeeManagement.xcdatamodeld in Sources */,
				73A3AAD828292BF9001283CD /* AppDelegate.swift in Sources */,
				73E084A6282AA3BA00AFC582 /* EmployeeListVC.swift in Sources */,
				73A3AAEF282944E1001283CD /* LoginVC.swift in Sources */,
				73A3AADA28292BF9001283CD /* SceneDelegate.swift in Sources */,
				73A3AAF12829694E001283CD /* FindVC.swift in Sources */,
			);
			runOnlyForDeploymentPostprocessing = 0;
		};
/* End PBXSourcesBuildPhase section */

/* Begin PBXVariantGroup section */
		73A3AADD28292BF9001283CD /* Main.storyboard */ = {
			isa = PBXVariantGroup;
			children = (
				73A3AADE28292BF9001283CD /* Base */,
			);
			name = Main.storyboard;
			sourceTree = "<group>";
		};
		73A3AAE528292BF9001283CD /* LaunchScreen.storyboard */ = {
			isa = PBXVariantGroup;
			children = (
				73A3AAE628292BF9001283CD /* Base */,
			);
			name = LaunchScreen.storyboard;
			sourceTree = "<group>";
		};
/* End PBXVariantGroup section */

/* Begin XCBuildConfiguration section */
		73A3AAE928292BF9001283CD /* Debug */ = {
			isa = XCBuildConfiguration;
			buildSettings = {
				ALWAYS_SEARCH_USER_PATHS = NO;
				CLANG_ANALYZER_NONNULL = YES;
				CLANG_ANALYZER_NUMBER_OBJECT_CONVERSION = YES_AGGRESSIVE;
				CLANG_CXX_LANGUAGE_STANDARD = "gnu++17";
				CLANG_ENABLE_MODULES = YES;
				CLANG_ENABLE_OBJC_ARC = YES;
				CLANG_ENABLE_OBJC_WEAK = YES;
				CLANG_WARN_BLOCK_CAPTURE_AUTORELEASING = YES;
				CLANG_WARN_BOOL_CONVERSION = YES;
				CLANG_WARN_COMMA = YES;
				CLANG_WARN_CONSTANT_CONVERSION = YES;
				CLANG_WARN_DEPRECATED_OBJC_IMPLEMENTATIONS = YES;
				CLANG_WARN_DIRECT_OBJC_ISA_USAGE = YES_ERROR;
				CLANG_WARN_DOCUMENTATION_COMMENTS = YES;
				CLANG_WARN_EMPTY_BODY = YES;
				CLANG_WARN_ENUM_CONVERSION = YES;
				CLANG_WARN_INFINITE_RECURSION = YES;
				CLANG_WARN_INT_CONVERSION = YES;
				CLANG_WARN_NON_LITERAL_NULL_CONVERSION = YES;
				CLANG_WARN_OBJC_IMPLICIT_RETAIN_SELF = YES;
				CLANG_WARN_OBJC_LITERAL_CONVERSION = YES;
				CLANG_WARN_OBJC_ROOT_CLASS = YES_ERROR;
				CLANG_WARN_QUOTED_INCLUDE_IN_FRAMEWORK_HEADER = YES;
				CLANG_WARN_RANGE_LOOP_ANALYSIS = YES;
				CLANG_WARN_STRICT_PROTOTYPES = YES;
				CLANG_WARN_SUSPICIOUS_MOVE = YES;
				CLANG_WARN_UNGUARDED_AVAILABILITY = YES_AGGRESSIVE;
				CLANG_WARN_UNREACHABLE_CODE = YES;
				CLANG_WARN__DUPLICATE_METHOD_MATCH = YES;
				COPY_PHASE_STRIP = NO;
				DEBUG_INFORMATION_FORMAT = dwarf;
				ENABLE_STRICT_OBJC_MSGSEND = YES;
				ENABLE_TESTABILITY = YES;
				GCC_C_LANGUAGE_STANDARD = gnu11;
				GCC_DYNAMIC_NO_PIC = NO;
				GCC_NO_COMMON_BLOCKS = YES;
				GCC_OPTIMIZATION_LEVEL = 0;
				GCC_PREPROCESSOR_DEFINITIONS = (
					"DEBUG=1",
					"$(inherited)",
				);
				GCC_WARN_64_TO_32_BIT_CONVERSION = YES;
				GCC_WARN_ABOUT_RETURN_TYPE = YES_ERROR;
				GCC_WARN_UNDECLARED_SELECTOR = YES;
				GCC_WARN_UNINITIALIZED_AUTOS = YES_AGGRESSIVE;
				GCC_WARN_UNUSED_FUNCTION = YES;
				GCC_WARN_UNUSED_VARIABLE = YES;
				IPHONEOS_DEPLOYMENT_TARGET = 15.4;
				MTL_ENABLE_DEBUG_INFO = INCLUDE_SOURCE;
				MTL_FAST_MATH = YES;
				ONLY_ACTIVE_ARCH = YES;
				SDKROOT = iphoneos;
				SWIFT_ACTIVE_COMPILATION_CONDITIONS = DEBUG;
				SWIFT_OPTIMIZATION_LEVEL = "-Onone";
			};
			name = Debug;
		};
		73A3AAEA28292BF9001283CD /* Release */ = {
			isa = XCBuildConfiguration;
			buildSettings = {
				ALWAYS_SEARCH_USER_PATHS = NO;
				CLANG_ANALYZER_NONNULL = YES;
				CLANG_ANALYZER_NUMBER_OBJECT_CONVERSION = YES_AGGRESSIVE;
				CLANG_CXX_LANGUAGE_STANDARD = "gnu++17";
				CLANG_ENABLE_MODULES = YES;
				CLANG_ENABLE_OBJC_ARC = YES;
				CLANG_ENABLE_OBJC_WEAK = YES;
				CLANG_WARN_BLOCK_CAPTURE_AUTORELEASING = YES;
				CLANG_WARN_BOOL_CONVERSION = YES;
				CLANG_WARN_COMMA = YES;
				CLANG_WARN_CONSTANT_CONVERSION = YES;
				CLANG_WARN_DEPRECATED_OBJC_IMPLEMENTATIONS = YES;
				CLANG_WARN_DIRECT_OBJC_ISA_USAGE = YES_ERROR;
				CLANG_WARN_DOCUMENTATION_COMMENTS = YES;
				CLANG_WARN_EMPTY_BODY = YES;
				CLANG_WARN_ENUM_CONVERSION = YES;
				CLANG_WARN_INFINITE_RECURSION = YES;
				CLANG_WARN_INT_CONVERSION = YES;
				CLANG_WARN_NON_LITERAL_NULL_CONVERSION = YES;
				CLANG_WARN_OBJC_IMPLICIT_RETAIN_SELF = YES;
				CLANG_WARN_OBJC_LITERAL_CONVERSION = YES;
				CLANG_WARN_OBJC_ROOT_CLASS = YES_ERROR;
				CLANG_WARN_QUOTED_INCLUDE_IN_FRAMEWORK_HEADER = YES;
				CLANG_WARN_RANGE_LOOP_ANALYSIS = YES;
				CLANG_WARN_STRICT_PROTOTYPES = YES;
				CLANG_WARN_SUSPICIOUS_MOVE = YES;
				CLANG_WARN_UNGUARDED_AVAILABILITY = YES_AGGRESSIVE;
				CLANG_WARN_UNREACHABLE_CODE = YES;
				CLANG_WARN__DUPLICATE_METHOD_MATCH = YES;
				COPY_PHASE_STRIP = NO;
				DEBUG_INFORMATION_FORMAT = "dwarf-with-dsym";
				ENABLE_NS_ASSERTIONS = NO;
				ENABLE_STRICT_OBJC_MSGSEND = YES;
				GCC_C_LANGUAGE_STANDARD = gnu11;
				GCC_NO_COMMON_BLOCKS = YES;
				GCC_WARN_64_TO_32_BIT_CONVERSION = YES;
				GCC_WARN_ABOUT_RETURN_TYPE = YES_ERROR;
				GCC_WARN_UNDECLARED_SELECTOR = YES;
				GCC_WARN_UNINITIALIZED_AUTOS = YES_AGGRESSIVE;
				GCC_WARN_UNUSED_FUNCTION = YES;
				GCC_WARN_UNUSED_VARIABLE = YES;
				IPHONEOS_DEPLOYMENT_TARGET = 15.4;
				MTL_ENABLE_DEBUG_INFO = NO;
				MTL_FAST_MATH = YES;
				SDKROOT = iphoneos;
				SWIFT_COMPILATION_MODE = wholemodule;
				SWIFT_OPTIMIZATION_LEVEL = "-O";
				VALIDATE_PRODUCT = YES;
			};
			name = Release;
		};
		73A3AAEC28292BF9001283CD /* Debug */ = {
			isa = XCBuildConfiguration;
			baseConfigurationReference = B003443FB7A613F54B614052 /* Pods-EmployeeManagement.debug.xcconfig */;
			buildSettings = {
				ASSETCATALOG_COMPILER_APPICON_NAME = AppIcon;
				ASSETCATALOG_COMPILER_GLOBAL_ACCENT_COLOR_NAME = AccentColor;
				CODE_SIGN_STYLE = Automatic;
				CURRENT_PROJECT_VERSION = 1;
				GENERATE_INFOPLIST_FILE = YES;
				INFOPLIST_FILE = EmployeeManagement/Info.plist;
				INFOPLIST_KEY_UIApplicationSupportsIndirectInputEvents = YES;
				INFOPLIST_KEY_UILaunchStoryboardName = LaunchScreen;
				INFOPLIST_KEY_UIMainStoryboardFile = Main;
				INFOPLIST_KEY_UISupportedInterfaceOrientations_iPad = "UIInterfaceOrientationPortrait UIInterfaceOrientationPortraitUpsideDown UIInterfaceOrientationLandscapeLeft UIInterfaceOrientationLandscapeRight";
				INFOPLIST_KEY_UISupportedInterfaceOrientations_iPhone = "UIInterfaceOrientationPortrait UIInterfaceOrientationLandscapeLeft UIInterfaceOrientationLandscapeRight";
				LD_RUNPATH_SEARCH_PATHS = (
					"$(inherited)",
					"@executable_path/Frameworks",
				);
				MARKETING_VERSION = 1.0;
				PRODUCT_BUNDLE_IDENTIFIER = jooyoung.EmployeeManagement;
				PRODUCT_NAME = "$(TARGET_NAME)";
				SWIFT_EMIT_LOC_STRINGS = YES;
				SWIFT_VERSION = 5.0;
				TARGETED_DEVICE_FAMILY = "1,2";
			};
			name = Debug;
		};
		73A3AAED28292BF9001283CD /* Release */ = {
			isa = XCBuildConfiguration;
			baseConfigurationReference = 223BB1173FC2EC900D8BFC56 /* Pods-EmployeeManagement.release.xcconfig */;
			buildSettings = {
				ASSETCATALOG_COMPILER_APPICON_NAME = AppIcon;
				ASSETCATALOG_COMPILER_GLOBAL_ACCENT_COLOR_NAME = AccentColor;
				CODE_SIGN_STYLE = Automatic;
				CURRENT_PROJECT_VERSION = 1;
				GENERATE_INFOPLIST_FILE = YES;
				INFOPLIST_FILE = EmployeeManagement/Info.plist;
				INFOPLIST_KEY_UIApplicationSupportsIndirectInputEvents = YES;
				INFOPLIST_KEY_UILaunchStoryboardName = LaunchScreen;
				INFOPLIST_KEY_UIMainStoryboardFile = Main;
				INFOPLIST_KEY_UISupportedInterfaceOrientations_iPad = "UIInterfaceOrientationPortrait UIInterfaceOrientationPortraitUpsideDown UIInterfaceOrientationLandscapeLeft UIInterfaceOrientationLandscapeRight";
				INFOPLIST_KEY_UISupportedInterfaceOrientations_iPhone = "UIInterfaceOrientationPortrait UIInterfaceOrientationLandscapeLeft UIInterfaceOrientationLandscapeRight";
				LD_RUNPATH_SEARCH_PATHS = (
					"$(inherited)",
					"@executable_path/Frameworks",
				);
				MARKETING_VERSION = 1.0;
				PRODUCT_BUNDLE_IDENTIFIER = jooyoung.EmployeeManagement;
				PRODUCT_NAME = "$(TARGET_NAME)";
				SWIFT_EMIT_LOC_STRINGS = YES;
				SWIFT_VERSION = 5.0;
				TARGETED_DEVICE_FAMILY = "1,2";
			};
			name = Release;
		};
/* End XCBuildConfiguration section */

/* Begin XCConfigurationList section */
		73A3AACF28292BF9001283CD /* Build configuration list for PBXProject "EmployeeManagement" */ = {
			isa = XCConfigurationList;
			buildConfigurations = (
				73A3AAE928292BF9001283CD /* Debug */,
				73A3AAEA28292BF9001283CD /* Release */,
			);
			defaultConfigurationIsVisible = 0;
			defaultConfigurationName = Release;
		};
		73A3AAEB28292BF9001283CD /* Build configuration list for PBXNativeTarget "EmployeeManagement" */ = {
			isa = XCConfigurationList;
			buildConfigurations = (
				73A3AAEC28292BF9001283CD /* Debug */,
				73A3AAED28292BF9001283CD /* Release */,
			);
			defaultConfigurationIsVisible = 0;
			defaultConfigurationName = Release;
		};
/* End XCConfigurationList section */

/* Begin XCRemoteSwiftPackageReference section */
		73232E6B282BB5690047A128 /* XCRemoteSwiftPackageReference "firebase-ios-sdk" */ = {
			isa = XCRemoteSwiftPackageReference;
			repositoryURL = "https://github.com/firebase/firebase-ios-sdk";
			requirement = {
				kind = upToNextMajorVersion;
				minimumVersion = 9.0.0;
			};
		};
/* End XCRemoteSwiftPackageReference section */

/* Begin XCSwiftPackageProductDependency section */
		73232E6C282BB5690047A128 /* FirebaseFirestore */ = {
			isa = XCSwiftPackageProductDependency;
			package = 73232E6B282BB5690047A128 /* XCRemoteSwiftPackageReference "firebase-ios-sdk" */;
			productName = FirebaseFirestore;
		};
/* End XCSwiftPackageProductDependency section */

/* Begin XCVersionGroup section */
		73A3AAE028292BF9001283CD /* EmployeeManagement.xcdatamodeld */ = {
			isa = XCVersionGroup;
			children = (
				73A3AAE128292BF9001283CD /* EmployeeManagement.xcdatamodel */,
			);
			currentVersion = 73A3AAE128292BF9001283CD /* EmployeeManagement.xcdatamodel */;
			path = EmployeeManagement.xcdatamodeld;
			sourceTree = "<group>";
			versionGroupType = wrapper.xcdatamodel;
		};
/* End XCVersionGroup section */
	};
	rootObject = 73A3AACC28292BF9001283CD /* Project object */;
}
